<?xml version="1.0" encoding="UTF-8" standalone="yes" ?>
<CodeBlocks_project_file>
	<FileVersion major="1" minor="6" />
	<Project>
		<Option title="M2" />
		<Option pch_mode="2" />
		<Option compiler="gcc" />
		<Build>
			<Target title="Debug">
				<Option output="bin/Debug/M2" prefix_auto="1" extension_auto="1" />
				<Option object_output="obj/Debug/" />
				<Option type="1" />
				<Option compiler="gcc" />
				<Compiler>
					<Add option="-g" />
					<Add directory="D:/GitHub/5G_ORAN/milestone2/M2/" />
				</Compiler>
				<Linker>
					<Add library="zlib" />
					<Add directory="D:/GitHub/5G_ORAN/milestone2/M2/" />
				</Linker>
			</Target>
			<Target title="Release">
				<Option output="bin/Release/M2" prefix_auto="1" extension_auto="1" />
				<Option object_output="obj/Release/" />
				<Option type="1" />
				<Option compiler="gcc" />
				<Compiler>
					<Add option="-O2" />
					<Add directory="D:/GitHub/5G_ORAN/milestone2/M2/" />
				</Compiler>
				<Linker>
					<Add option="-s" />
					<Add library="zlib" />
					<Add directory="D:/GitHub/5G_ORAN/milestone2/M2/" />
				</Linker>
			</Target>
		</Build>
		<Compiler>
			<Add option="-Wall" />
			<Add option="-fexceptions" />
		</Compiler>
		<Unit filename="ECPRI.cpp" />
		<Unit filename="ECPRI.h" />
		<Unit filename="Eth.cpp" />
		<Unit filename="Eth.h" />
		<Unit filename="ORAN.cpp" />
		<Unit filename="ORAN.h" />
		<Unit filename="main.cpp" />
		<Unit filename="zlib.h" />
		<Extensions>
			<lib_finder disable_auto="1" />
		</Extensions>
	</Project>
</CodeBlocks_project_file>
